
Microsoft Visual Studio Solution File, Format Version 12.00
# Visual Studio Version 17
VisualStudioVersion = 17.9.34701.34
MinimumVisualStudioVersion = 10.0.40219.1
Project("{FAE04EC0-301F-11D3-BF4B-00C04F79EFBC}") = "Hospital2", "Hospital2\Hospital2.csproj", "{74918540-D763-43ED-8142-DD3890EA1557}"
EndProject
Global
	GlobalSection(SolutionConfigurationPlatforms) = preSolution
		Debug|Any CPU = Debug|Any CPU
		Release|Any CPU = Release|Any CPU
	EndGlobalSection
	GlobalSection(ProjectConfigurationPlatforms) = postSolution
		{74918540-D763-43ED-8142-DD3890EA1557}.Debug|Any CPU.ActiveCfg = Debug|Any CPU
		{74918540-D763-43ED-8142-DD3890EA1557}.Debug|Any CPU.Build.0 = Debug|Any CPU
		{74918540-D763-43ED-8142-DD3890EA1557}.Release|Any CPU.ActiveCfg = Release|Any CPU
		{74918540-D763-43ED-8142-DD3890EA1557}.Release|Any CPU.Build.0 = Release|Any CPU
	EndGlobalSection
	GlobalSection(SolutionProperties) = preSolution
		HideSolutionNode = FALSE
	EndGlobalSection
	GlobalSection(ExtensibilityGlobals) = postSolution
		SolutionGuid = {8AED09FA-DA6E-4355-B0F4-06B98747330E}
	EndGlobalSection
EndGlobal
